
Microsoft Visual Studio Solution File, Format Version 12.00
# Visual Studio Version 16
VisualStudioVersion = 25.0.1706.0
MinimumVisualStudioVersion = 10.0.40219.1
Project("{FAE04EC0-301F-11D3-BF4B-00C04F79EFBC}") = "number-analyzer-lab", "number-analyzer-lab.csproj", "{5E14F94E-3F2C-4149-863F-E9FD0C85D972}"
EndProject
Global
	GlobalSection(SolutionConfigurationPlatforms) = preSolution
		Debug|Any CPU = Debug|Any CPU
		Release|Any CPU = Release|Any CPU
	EndGlobalSection
	GlobalSection(ProjectConfigurationPlatforms) = postSolution
		{5E14F94E-3F2C-4149-863F-E9FD0C85D972}.Debug|Any CPU.ActiveCfg = Debug|Any CPU
		{5E14F94E-3F2C-4149-863F-E9FD0C85D972}.Debug|Any CPU.Build.0 = Debug|Any CPU
		{5E14F94E-3F2C-4149-863F-E9FD0C85D972}.Release|Any CPU.ActiveCfg = Release|Any CPU
		{5E14F94E-3F2C-4149-863F-E9FD0C85D972}.Release|Any CPU.Build.0 = Release|Any CPU
	EndGlobalSection
	GlobalSection(SolutionProperties) = preSolution
		HideSolutionNode = FALSE
	EndGlobalSection
	GlobalSection(ExtensibilityGlobals) = postSolution
		SolutionGuid = {EDFBB4B4-EC7F-4C57-9718-E8C9FCA704C6}
	EndGlobalSection
EndGlobal
